<?xml version="1.0" encoding="utf-8"?>
<Project ToolsVersion="4.0" xmlns="http://schemas.microsoft.com/developer/msbuild/2003">
  <ItemGroup>
    <ClCompile Include="src\main.cpp" />
    <ClCompile Include="src\testApp.cpp" />
    <ClCompile Include="..\src\ofxTimestamp.cpp">
      <Filter>addons\ofxTimestamp\src</Filter>
    </ClCompile>
  </ItemGroup>
  <ItemGroup>
    <ClInclude Include="src\testApp.h" />
    <ClInclude Include="..\src\ofxTimestamp.h">
      <Filter>addons\ofxTimestamp\src</Filter>
    </ClInclude>
  </ItemGroup>
  <ItemGroup>
    <Filter Include="addons">
      <UniqueIdentifier>{3ad74e22-8473-4e8d-a289-a8939eeb860d}</UniqueIdentifier>
    </Filter>
    <Filter Include="addons\ofxTimestamp">
      <UniqueIdentifier>{b83a3433-fe11-4d87-a913-28d2ae2e114b}</UniqueIdentifier>
    </Filter>
    <Filter Include="addons\ofxTimestamp\src">
      <UniqueIdentifier>{7c3895f6-7609-4d69-8dfb-2ecf9ea1164e}</UniqueIdentifier>
    </Filter>
  </ItemGroup>
</Project>